{
  "name": "test",
  "version": "1.0.0",
  "lockfileVersion": 1,
  "requires": true,
  "dependencies": {
    "@lushijie/utils": {
      "version": "1.0.0",
      "resolved": "https://registry.npmjs.org/@lushijie/utils/-/utils-1.0.0.tgz",
      "integrity": "sha512-3fP18sSPQ1CHxI5mpHyjRvNjw+iy6YzNplvDbbdgl2hVnhpHWS/1R/6i/lJRxIYWVlicMWESMTpQZGkkjz6d4w==",
      "requires": {
        "uuid": "3.1.0"
      }
    },
    "ansi-color": {
      "version": "0.2.1",
      "resolved": "http://registry.npm.taobao.org/ansi-color/download/ansi-color-0.2.1.tgz",
      "integrity": "sha1-PnXAN0dSF1RO12Oo21cJ+prlv5o="
    },
    "array-uniq": {
      "version": "1.0.2",
      "resolved": "http://registry.npm.taobao.org/array-uniq/download/array-uniq-1.0.2.tgz",
      "integrity": "sha1-X8w3OSB3VyPP1k1lxkvvU7+eum0="
    },
    "bufrw": {
      "version": "1.2.1",
      "resolved": "http://registry.npm.taobao.org/bufrw/download/bufrw-1.2.1.tgz",
      "integrity": "sha1-k/IiIptPX14s1VkjaJFAf5hTZjs=",
      "requires": {
        "ansi-color": "0.2.1",
        "error": "7.0.2",
        "xtend": "4.0.1"
      }
    },
    "core-util-is": {
      "version": "1.0.2",
      "resolved": "http://registry.npm.taobao.org/core-util-is/download/core-util-is-1.0.2.tgz",
      "integrity": "sha1-tf1UIgqivFq1eqtxQMlAdUUDwac="
    },
    "error": {
      "version": "7.0.2",
      "resolved": "http://registry.npm.taobao.org/error/download/error-7.0.2.tgz",
      "integrity": "sha1-pfdf/02ZJhJt2sDqXcOOaJFTywI=",
      "requires": {
        "string-template": "0.2.1",
        "xtend": "4.0.1"
      }
    },
    "long": {
      "version": "2.4.0",
      "resolved": "http://registry.npm.taobao.org/long/download/long-2.4.0.tgz",
      "integrity": "sha1-n6GAux2VAM3CnEFWdmoZleH0Uk8="
    },
    "node-thrift-parser": {
      "version": "0.1.3",
      "resolved": "http://registry.npm.taobao.org/node-thrift-parser/download/node-thrift-parser-0.1.3.tgz",
      "integrity": "sha1-J3HV4GnlNilK7u4VW8L08Lrbakw="
    },
    "randomstring": {
      "version": "1.1.5",
      "resolved": "http://registry.npm.taobao.org/randomstring/download/randomstring-1.1.5.tgz",
      "integrity": "sha1-bfBij3XL1ZMpMNn+OrTpVqGFGMM=",
      "requires": {
        "array-uniq": "1.0.2"
      }
    },
    "string-template": {
      "version": "0.2.1",
      "resolved": "http://registry.npm.taobao.org/string-template/download/string-template-0.2.1.tgz",
      "integrity": "sha1-QpMuWYo1LQH8IuwzZ9nYTuxsmt0="
    },
    "thriftrw": {
      "version": "3.11.3",
      "resolved": "http://registry.npm.taobao.org/thriftrw/download/thriftrw-3.11.3.tgz",
      "integrity": "sha1-LO9rTQibe6YnUZi4ZYKIFYKQfUU=",
      "requires": {
        "bufrw": "1.2.1",
        "error": "7.0.2",
        "long": "2.4.0"
      }
    },
    "uuid": {
      "version": "3.1.0",
      "resolved": "https://registry.npmjs.org/uuid/-/uuid-3.1.0.tgz",
      "integrity": "sha512-DIWtzUkw04M4k3bf1IcpS2tngXEL26YUD2M0tMDUpnUrz2hgzUBlD55a4FjdLGPvfHxS6uluGWvaVEqgBcVa+g=="
    },
    "xtend": {
      "version": "4.0.1",
      "resolved": "http://registry.npm.taobao.org/xtend/download/xtend-4.0.1.tgz",
      "integrity": "sha1-pcbVMr5lbiPbgg77lDofBJmNY68="
    }
  }
}
