{
  "name": "@lushijie/thrift-json",
  "version": "1.0.5",
  "lockfileVersion": 1,
  "requires": true,
  "dependencies": {
    "@lushijie/thriftrw": {
      "version": "3.11.3",
      "resolved": "https://registry.npmjs.org/@lushijie/thriftrw/-/thriftrw-3.11.3.tgz",
      "integrity": "sha512-yxHE57RjFr3xJw5PMXmT12MiVdAYGiJyGy0uixy2+HQ1rQtF/2Q3rkVTaMGxueqKeoN7RqB8PBU+xCMKbhMMaw==",
      "requires": {
        "bufrw": "1.2.1",
        "error": "7.0.2",
        "long": "2.4.0"
      }
    },
    "@lushijie/utils": {
      "version": "1.0.0",
      "resolved": "https://registry.npmjs.org/@lushijie/utils/-/utils-1.0.0.tgz",
      "integrity": "sha512-3fP18sSPQ1CHxI5mpHyjRvNjw+iy6YzNplvDbbdgl2hVnhpHWS/1R/6i/lJRxIYWVlicMWESMTpQZGkkjz6d4w==",
      "requires": {
        "uuid": "3.1.0"
      }
    },
    "ansi-color": {
      "version": "0.2.1",
      "resolved": "http://registry.npm.taobao.org/ansi-color/download/ansi-color-0.2.1.tgz",
      "integrity": "sha1-PnXAN0dSF1RO12Oo21cJ+prlv5o="
    },
    "ansi-styles": {
      "version": "3.2.1",
      "resolved": "http://r.npm.sankuai.com/ansi-styles/download/ansi-styles-3.2.1.tgz",
      "integrity": "sha1-QfuyAkPlCxK+DwS43tvwdSDOhB0=",
      "requires": {
        "color-convert": "1.9.3"
      }
    },
    "bufrw": {
      "version": "1.2.1",
      "resolved": "http://registry.npm.taobao.org/bufrw/download/bufrw-1.2.1.tgz",
      "integrity": "sha1-k/IiIptPX14s1VkjaJFAf5hTZjs=",
      "requires": {
        "ansi-color": "0.2.1",
        "error": "7.0.2",
        "xtend": "4.0.1"
      }
    },
    "chalk": {
      "version": "2.4.1",
      "resolved": "http://r.npm.sankuai.com/chalk/download/chalk-2.4.1.tgz",
      "integrity": "sha1-GMSasWoDe26wFSzIPjRxM4IVtm4=",
      "requires": {
        "ansi-styles": "3.2.1",
        "escape-string-regexp": "1.0.5",
        "supports-color": "5.5.0"
      }
    },
    "color-convert": {
      "version": "1.9.3",
      "resolved": "http://r.npm.sankuai.com/color-convert/download/color-convert-1.9.3.tgz",
      "integrity": "sha1-u3GFBpDh8TZWfeYp0tVHHe2kweg=",
      "requires": {
        "color-name": "1.1.3"
      }
    },
    "color-name": {
      "version": "1.1.3",
      "resolved": "http://r.npm.sankuai.com/color-name/download/color-name-1.1.3.tgz",
      "integrity": "sha1-p9BVi9icQveV3UIyj3QIMcpTvCU="
    },
    "commander": {
      "version": "2.19.0",
      "resolved": "http://r.npm.sankuai.com/commander/download/commander-2.19.0.tgz",
      "integrity": "sha1-9hmKqE5bg8RgVLlN3tv+1e6f8So="
    },
    "core-util-is": {
      "version": "1.0.2",
      "resolved": "http://registry.npm.taobao.org/core-util-is/download/core-util-is-1.0.2.tgz",
      "integrity": "sha1-tf1UIgqivFq1eqtxQMlAdUUDwac="
    },
    "error": {
      "version": "7.0.2",
      "resolved": "http://registry.npm.taobao.org/error/download/error-7.0.2.tgz",
      "integrity": "sha1-pfdf/02ZJhJt2sDqXcOOaJFTywI=",
      "requires": {
        "string-template": "0.2.1",
        "xtend": "4.0.1"
      }
    },
    "escape-string-regexp": {
      "version": "1.0.5",
      "resolved": "http://r.npm.sankuai.com/escape-string-regexp/download/escape-string-regexp-1.0.5.tgz",
      "integrity": "sha1-G2HAViGQqN/2rjuyzwIAyhMLhtQ="
    },
    "has-flag": {
      "version": "3.0.0",
      "resolved": "http://r.npm.sankuai.com/has-flag/download/has-flag-3.0.0.tgz",
      "integrity": "sha1-tdRU3CGZriJWmfNGfloH87lVuv0="
    },
    "long": {
      "version": "2.4.0",
      "resolved": "http://registry.npm.taobao.org/long/download/long-2.4.0.tgz",
      "integrity": "sha1-n6GAux2VAM3CnEFWdmoZleH0Uk8="
    },
    "node-thrift-parser": {
      "version": "0.1.3",
      "resolved": "http://registry.npm.taobao.org/node-thrift-parser/download/node-thrift-parser-0.1.3.tgz",
      "integrity": "sha1-J3HV4GnlNilK7u4VW8L08Lrbakw="
    },
    "string-template": {
      "version": "0.2.1",
      "resolved": "http://registry.npm.taobao.org/string-template/download/string-template-0.2.1.tgz",
      "integrity": "sha1-QpMuWYo1LQH8IuwzZ9nYTuxsmt0="
    },
    "supports-color": {
      "version": "5.5.0",
      "resolved": "http://r.npm.sankuai.com/supports-color/download/supports-color-5.5.0.tgz",
      "integrity": "sha1-4uaaRKyHcveKHsCzW2id9lMO/I8=",
      "requires": {
        "has-flag": "3.0.0"
      }
    },
    "uuid": {
      "version": "3.1.0",
      "resolved": "https://registry.npmjs.org/uuid/-/uuid-3.1.0.tgz",
      "integrity": "sha512-DIWtzUkw04M4k3bf1IcpS2tngXEL26YUD2M0tMDUpnUrz2hgzUBlD55a4FjdLGPvfHxS6uluGWvaVEqgBcVa+g=="
    },
    "xtend": {
      "version": "4.0.1",
      "resolved": "http://registry.npm.taobao.org/xtend/download/xtend-4.0.1.tgz",
      "integrity": "sha1-pcbVMr5lbiPbgg77lDofBJmNY68="
    }
  }
}
